{
  "name": "tree-sitter-xml-django",
  "lockfileVersion": 3,
  "requires": true,
  "packages": {
    "": {
      "license": "BSD-3-Clause",
      "dependencies": {
        "tree-sitter-cli": "^0.27.0"
      }
    },
    "node_modules/tree-sitter-cli": {
      "version": "0.27.0",
      "resolved": "https://registry.npmjs.org/tree-sitter-cli/-/tree-sitter-cli-0.27.0.tgz",
      "integrity": "sha512-E42kR0og1mFlZBxPj7K4fBXCTjxPTGe19U9RXGWNq0FQKzXOxIp8bhCYFMKhddiVZUsJwW35MYGU9Q1oVYtpbA==",
      "hasInstallScript": true,
      "license": "MIT",
      "bin": {
        "tree-sitter": "cli.js"
      },
      "engines": {
        "node": ">=12.0.0"
      }
    }
  }
}
